// !$*UTF8*$!
{
	archiveVersion = 1;
	classes = {
	};
	objectVersion = 50;
	objects = {

/* Begin PBXBuildFile section */
		8BF8D333224AB82500027895 /* AppDelegate.swift in Sources */ = {isa = PBXBuildFile; fileRef = 8BF8D332224AB82500027895 /* AppDelegate.swift */; };
		8BF8D335224AB82500027895 /* GameScene.sks in Resources */ = {isa = PBXBuildFile; fileRef = 8BF8D334224AB82500027895 /* GameScene.sks */; };
		8BF8D337224AB82500027895 /* Actions.sks in Resources */ = {isa = PBXBuildFile; fileRef = 8BF8D336224AB82500027895 /* Actions.sks */; };
		8BF8D339224AB82500027895 /* GameScene.swift in Sources */ = {isa = PBXBuildFile; fileRef = 8BF8D338224AB82500027895 /* GameScene.swift */; };
		8BF8D33B224AB82500027895 /* GameViewController.swift in Sources */ = {isa = PBXBuildFile; fileRef = 8BF8D33A224AB82500027895 /* GameViewController.swift */; };
		8BF8D33E224AB82500027895 /* Main.storyboard in Resources */ = {isa = PBXBuildFile; fileRef = 8BF8D33C224AB82500027895 /* Main.storyboard */; };
		8BF8D340224AB82700027895 /* Assets.xcassets in Resources */ = {isa = PBXBuildFile; fileRef = 8BF8D33F224AB82700027895 /* Assets.xcassets */; };
		8BF8D343224AB82700027895 /* LaunchScreen.storyboard in Resources */ = {isa = PBXBuildFile; fileRef = 8BF8D341224AB82700027895 /* LaunchScreen.storyboard */; };
/* End PBXBuildFile section */

/* Begin PBXFileReference section */
		8BF8D32F224AB82500027895 /* Pixel Knight.app */ = {isa = PBXFileReference; explicitFileType = wrapper.application; includeInIndex = 0; path = "Pixel Knight.app"; sourceTree = BUILT_PRODUCTS_DIR; };
		8BF8D332224AB82500027895 /* AppDelegate.swift */ = {isa = PBXFileReference; lastKnownFileType = sourcecode.swift; path = AppDelegate.swift; sourceTree = "<group>"; };
		8BF8D334224AB82500027895 /* GameScene.sks */ = {isa = PBXFileReference; lastKnownFileType = file.sks; path = GameScene.sks; sourceTree = "<group>"; };
		8BF8D336224AB82500027895 /* Actions.sks */ = {isa = PBXFileReference; lastKnownFileType = file.sks; path = Actions.sks; sourceTree = "<group>"; };
		8BF8D338224AB82500027895 /* GameScene.swift */ = {isa = PBXFileReference; lastKnownFileType = sourcecode.swift; path = GameScene.swift; sourceTree = "<group>"; };
		8BF8D33A224AB82500027895 /* GameViewController.swift */ = {isa = PBXFileReference; lastKnownFileType = sourcecode.swift; path = GameViewController.swift; sourceTree = "<group>"; };
		8BF8D33D224AB82500027895 /* Base */ = {isa = PBXFileReference; lastKnownFileType = file.storyboard; name = Base; path = Base.lproj/Main.storyboard; sourceTree = "<group>"; };
		8BF8D33F224AB82700027895 /* Assets.xcassets */ = {isa = PBXFileReference; lastKnownFileType = folder.assetcatalog; path = Assets.xcassets; sourceTree = "<group>"; };
		8BF8D342224AB82700027895 /* Base */ = {isa = PBXFileReference; lastKnownFileType = file.storyboard; name = Base; path = Base.lproj/LaunchScreen.storyboard; sourceTree = "<group>"; };
		8BF8D344224AB82700027895 /* Info.plist */ = {isa = PBXFileReference; lastKnownFileType = text.plist.xml; path = Info.plist; sourceTree = "<group>"; };
/* End PBXFileReference section */

/* Begin PBXFrameworksBuildPhase section */
		8BF8D32C224AB82500027895 /* Frameworks */ = {
			isa = PBXFrameworksBuildPhase;
			buildActionMask = 2147483647;
			files = (
			);
			runOnlyForDeploymentPostprocessing = 0;
		};
/* End PBXFrameworksBuildPhase section */

/* Begin PBXGroup section */
		8BF8D326224AB82500027895 = {
			isa = PBXGroup;
			children = (
				8BF8D331224AB82500027895 /* Pixel Knight */,
				8BF8D330224AB82500027895 /* Products */,
			);
			sourceTree = "<group>";
		};
		8BF8D330224AB82500027895 /* Products */ = {
			isa = PBXGroup;
			children = (
				8BF8D32F224AB82500027895 /* Pixel Knight.app */,
			);
			name = Products;
			sourceTree = "<group>";
		};
		8BF8D331224AB82500027895 /* Pixel Knight */ = {
			isa = PBXGroup;
			children = (
				8BF8D332224AB82500027895 /* AppDelegate.swift */,
				8BF8D334224AB82500027895 /* GameScene.sks */,
				8BF8D336224AB82500027895 /* Actions.sks */,
				8BF8D338224AB82500027895 /* GameScene.swift */,
				8BF8D33A224AB82500027895 /* GameViewController.swift */,
				8BF8D33C224AB82500027895 /* Main.storyboard */,
				8BF8D33F224AB82700027895 /* Assets.xcassets */,
				8BF8D341224AB82700027895 /* LaunchScreen.storyboard */,
				8BF8D344224AB82700027895 /* Info.plist */,
			);
			path = "Pixel Knight";
			sourceTree = "<group>";
		};
/* End PBXGroup section */

/* Begin PBXNativeTarget section */
		8BF8D32E224AB82500027895 /* Pixel Knight */ = {
			isa = PBXNativeTarget;
			buildConfigurationList = 8BF8D347224AB82700027895 /* Build configuration list for PBXNativeTarget "Pixel Knight" */;
			buildPhases = (
				8BF8D32B224AB82500027895 /* Sources */,
				8BF8D32C224AB82500027895 /* Frameworks */,
				8BF8D32D224AB82500027895 /* Resources */,
			);
			buildRules = (
			);
			dependencies = (
			);
			name = "Pixel Knight";
			productName = "Pixel Knight";
			productReference = 8BF8D32F224AB82500027895 /* Pixel Knight.app */;
			productType = "com.apple.product-type.application";
		};
/* End PBXNativeTarget section */

/* Begin PBXProject section */
		8BF8D327224AB82500027895 /* Project object */ = {
			isa = PBXProject;
			attributes = {
				LastSwiftUpdateCheck = 1010;
				LastUpgradeCheck = 1010;
				ORGANIZATIONNAME = "Pierson Marks";
				TargetAttributes = {
					8BF8D32E224AB82500027895 = {
						CreatedOnToolsVersion = 10.1;
					};
				};
			};
			buildConfigurationList = 8BF8D32A224AB82500027895 /* Build configuration list for PBXProject "Pixel Knight" */;
			compatibilityVersion = "Xcode 9.3";
			developmentRegion = en;
			hasScannedForEncodings = 0;
			knownRegions = (
				en,
				Base,
			);
			mainGroup = 8BF8D326224AB82500027895;
			productRefGroup = 8BF8D330224AB82500027895 /* Products */;
			projectDirPath = "";
			projectRoot = "";
			targets = (
				8BF8D32E224AB82500027895 /* Pixel Knight */,
			);
		};
/* End PBXProject section */

/* Begin PBXResourcesBuildPhase section */
		8BF8D32D224AB82500027895 /* Resources */ = {
			isa = PBXResourcesBuildPhase;
			buildActionMask = 2147483647;
			files = (
				8BF8D33E224AB82500027895 /* Main.storyboard in Resources */,
				8BF8D335224AB82500027895 /* GameScene.sks in Resources */,
				8BF8D340224AB82700027895 /* Assets.xcassets in Resources */,
				8BF8D343224AB82700027895 /* LaunchScreen.storyboard in Resources */,
				8BF8D337224AB82500027895 /* Actions.sks in Resources */,
			);
			runOnlyForDeploymentPostprocessing = 0;
		};
/* End PBXResourcesBuildPhase section */

/* Begin PBXSourcesBuildPhase section */
		8BF8D32B224AB82500027895 /* Sources */ = {
			isa = PBXSourcesBuildPhase;
			buildActionMask = 2147483647;
			files = (
				8BF8D339224AB82500027895 /* GameScene.swift in Sources */,
				8BF8D33B224AB82500027895 /* GameViewController.swift in Sources */,
				8BF8D333224AB82500027895 /* AppDelegate.swift in Sources */,
			);
			runOnlyForDeploymentPostprocessing = 0;
		};
/* End PBXSourcesBuildPhase section */

/* Begin PBXVariantGroup section */
		8BF8D33C224AB82500027895 /* Main.storyboard */ = {
			isa = PBXVariantGroup;
			children = (
				8BF8D33D224AB82500027895 /* Base */,
			);
			name = Main.storyboard;
			sourceTree = "<group>";
		};
		8BF8D341224AB82700027895 /* LaunchScreen.storyboard */ = {
			isa = PBXVariantGroup;
			children = (
				8BF8D342224AB82700027895 /* Base */,
			);
			name = LaunchScreen.storyboard;
			sourceTree = "<group>";
		};
/* End PBXVariantGroup section */

/* Begin XCBuildConfiguration section */
		8BF8D345224AB82700027895 /* Debug */ = {
			isa = XCBuildConfiguration;
			buildSettings = {
				ALWAYS_SEARCH_USER_PATHS = NO;
				CLANG_ANALYZER_NONNULL = YES;
				CLANG_ANALYZER_NUMBER_OBJECT_CONVERSION = YES_AGGRESSIVE;
				CLANG_CXX_LANGUAGE_STANDARD = "gnu++14";
				CLANG_CXX_LIBRARY = "libc++";
				CLANG_ENABLE_MODULES = YES;
				CLANG_ENABLE_OBJC_ARC = YES;
				CLANG_ENABLE_OBJC_WEAK = YES;
				CLANG_WARN_BLOCK_CAPTURE_AUTORELEASING = YES;
				CLANG_WARN_BOOL_CONVERSION = YES;
				CLANG_WARN_COMMA = YES;
				CLANG_WARN_CONSTANT_CONVERSION = YES;
				CLANG_WARN_DEPRECATED_OBJC_IMPLEMENTATIONS = YES;
				CLANG_WARN_DIRECT_OBJC_ISA_USAGE = YES_ERROR;
				CLANG_WARN_DOCUMENTATION_COMMENTS = YES;
				CLANG_WARN_EMPTY_BODY = YES;
				CLANG_WARN_ENUM_CONVERSION = YES;
				CLANG_WARN_INFINITE_RECURSION = YES;
				CLANG_WARN_INT_CONVERSION = YES;
				CLANG_WARN_NON_LITERAL_NULL_CONVERSION = YES;
				CLANG_WARN_OBJC_IMPLICIT_RETAIN_SELF = YES;
				CLANG_WARN_OBJC_LITERAL_CONVERSION = YES;
				CLANG_WARN_OBJC_ROOT_CLASS = YES_ERROR;
				CLANG_WARN_RANGE_LOOP_ANALYSIS = YES;
				CLANG_WARN_STRICT_PROTOTYPES = YES;
				CLANG_WARN_SUSPICIOUS_MOVE = YES;
				CLANG_WARN_UNGUARDED_AVAILABILITY = YES_AGGRESSIVE;
				CLANG_WARN_UNREACHABLE_CODE = YES;
				CLANG_WARN__DUPLICATE_METHOD_MATCH = YES;
				CODE_SIGN_IDENTITY = "iPhone Developer";
				COPY_PHASE_STRIP = NO;
				DEBUG_INFORMATION_FORMAT = dwarf;
				ENABLE_STRICT_OBJC_MSGSEND = YES;
				ENABLE_TESTABILITY = YES;
				GCC_C_LANGUAGE_STANDARD = gnu11;
				GCC_DYNAMIC_NO_PIC = NO;
				GCC_NO_COMMON_BLOCKS = YES;
				GCC_OPTIMIZATION_LEVEL = 0;
				GCC_PREPROCESSOR_DEFINITIONS = (
					"DEBUG=1",
					"$(inherited)",
				);
				GCC_WARN_64_TO_32_BIT_CONVERSION = YES;
				GCC_WARN_ABOUT_RETURN_TYPE = YES_ERROR;
				GCC_WARN_UNDECLARED_SELECTOR = YES;
				GCC_WARN_UNINITIALIZED_AUTOS = YES_AGGRESSIVE;
				GCC_WARN_UNUSED_FUNCTION = YES;
				GCC_WARN_UNUSED_VARIABLE = YES;
				IPHONEOS_DEPLOYMENT_TARGET = 12.1;
				MTL_ENABLE_DEBUG_INFO = INCLUDE_SOURCE;
				MTL_FAST_MATH = YES;
				ONLY_ACTIVE_ARCH = YES;
				SDKROOT = iphoneos;
				SWIFT_ACTIVE_COMPILATION_CONDITIONS = DEBUG;
				SWIFT_OPTIMIZATION_LEVEL = "-Onone";
			};
			name = Debug;
		};
		8BF8D346224AB82700027895 /* Release */ = {
			isa = XCBuildConfiguration;
			buildSettings = {
				ALWAYS_SEARCH_USER_PATHS = NO;
				CLANG_ANALYZER_NONNULL = YES;
				CLANG_ANALYZER_NUMBER_OBJECT_CONVERSION = YES_AGGRESSIVE;
				CLANG_CXX_LANGUAGE_STANDARD = "gnu++14";
				CLANG_CXX_LIBRARY = "libc++";
				CLANG_ENABLE_MODULES = YES;
				CLANG_ENABLE_OBJC_ARC = YES;
				CLANG_ENABLE_OBJC_WEAK = YES;
				CLANG_WARN_BLOCK_CAPTURE_AUTORELEASING = YES;
				CLANG_WARN_BOOL_CONVERSION = YES;
				CLANG_WARN_COMMA = YES;
				CLANG_WARN_CONSTANT_CONVERSION = YES;
				CLANG_WARN_DEPRECATED_OBJC_IMPLEMENTATIONS = YES;
				CLANG_WARN_DIRECT_OBJC_ISA_USAGE = YES_ERROR;
				CLANG_WARN_DOCUMENTATION_COMMENTS = YES;
				CLANG_WARN_EMPTY_BODY = YES;
				CLANG_WARN_ENUM_CONVERSION = YES;
				CLANG_WARN_INFINITE_RECURSION = YES;
				CLANG_WARN_INT_CONVERSION = YES;
				CLANG_WARN_NON_LITERAL_NULL_CONVERSION = YES;
				CLANG_WARN_OBJC_IMPLICIT_RETAIN_SELF = YES;
				CLANG_WARN_OBJC_LITERAL_CONVERSION = YES;
				CLANG_WARN_OBJC_ROOT_CLASS = YES_ERROR;
				CLANG_WARN_RANGE_LOOP_ANALYSIS = YES;
				CLANG_WARN_STRICT_PROTOTYPES = YES;
				CLANG_WARN_SUSPICIOUS_MOVE = YES;
				CLANG_WARN_UNGUARDED_AVAILABILITY = YES_AGGRESSIVE;
				CLANG_WARN_UNREACHABLE_CODE = YES;
				CLANG_WARN__DUPLICATE_METHOD_MATCH = YES;
				CODE_SIGN_IDENTITY = "iPhone Developer";
				COPY_PHASE_STRIP = NO;
				DEBUG_INFORMATION_FORMAT = "dwarf-with-dsym";
				ENABLE_NS_ASSERTIONS = NO;
				ENABLE_STRICT_OBJC_MSGSEND = YES;
				GCC_C_LANGUAGE_STANDARD = gnu11;
				GCC_NO_COMMON_BLOCKS = YES;
				GCC_WARN_64_TO_32_BIT_CONVERSION = YES;
				GCC_WARN_ABOUT_RETURN_TYPE = YES_ERROR;
				GCC_WARN_UNDECLARED_SELECTOR = YES;
				GCC_WARN_UNINITIALIZED_AUTOS = YES_AGGRESSIVE;
				GCC_WARN_UNUSED_FUNCTION = YES;
				GCC_WARN_UNUSED_VARIABLE = YES;
				IPHONEOS_DEPLOYMENT_TARGET = 12.1;
				MTL_ENABLE_DEBUG_INFO = NO;
				MTL_FAST_MATH = YES;
				SDKROOT = iphoneos;
				SWIFT_COMPILATION_MODE = wholemodule;
				SWIFT_OPTIMIZATION_LEVEL = "-O";
				VALIDATE_PRODUCT = YES;
			};
			name = Release;
		};
		8BF8D348224AB82700027895 /* Debug */ = {
			isa = XCBuildConfiguration;
			buildSettings = {
				ASSETCATALOG_COMPILER_APPICON_NAME = AppIcon;
				CODE_SIGN_STYLE = Automatic;
				DEVELOPMENT_TEAM = 9M23377LXP;
				INFOPLIST_FILE = "Pixel Knight/Info.plist";
				LD_RUNPATH_SEARCH_PATHS = (
					"$(inherited)",
					"@executable_path/Frameworks",
				);
				PRODUCT_BUNDLE_IDENTIFIER = "piersonmarks.Pixel-Knight";
				PRODUCT_NAME = "$(TARGET_NAME)";
				SWIFT_VERSION = 4.2;
				TARGETED_DEVICE_FAMILY = "1,2";
			};
			name = Debug;
		};
		8BF8D349224AB82700027895 /* Release */ = {
			isa = XCBuildConfiguration;
			buildSettings = {
				ASSETCATALOG_COMPILER_APPICON_NAME = AppIcon;
				CODE_SIGN_STYLE = Automatic;
				DEVELOPMENT_TEAM = 9M23377LXP;
				INFOPLIST_FILE = "Pixel Knight/Info.plist";
				LD_RUNPATH_SEARCH_PATHS = (
					"$(inherited)",
					"@executable_path/Frameworks",
				);
				PRODUCT_BUNDLE_IDENTIFIER = "piersonmarks.Pixel-Knight";
				PRODUCT_NAME = "$(TARGET_NAME)";
				SWIFT_VERSION = 4.2;
				TARGETED_DEVICE_FAMILY = "1,2";
			};
			name = Release;
		};
/* End XCBuildConfiguration section */

/* Begin XCConfigurationList section */
		8BF8D32A224AB82500027895 /* Build configuration list for PBXProject "Pixel Knight" */ = {
			isa = XCConfigurationList;
			buildConfigurations = (
				8BF8D345224AB82700027895 /* Debug */,
				8BF8D346224AB82700027895 /* Release */,
			);
			defaultConfigurationIsVisible = 0;
			defaultConfigurationName = Release;
		};
		8BF8D347224AB82700027895 /* Build configuration list for PBXNativeTarget "Pixel Knight" */ = {
			isa = XCConfigurationList;
			buildConfigurations = (
				8BF8D348224AB82700027895 /* Debug */,
				8BF8D349224AB82700027895 /* Release */,
			);
			defaultConfigurationIsVisible = 0;
			defaultConfigurationName = Release;
		};
/* End XCConfigurationList section */
	};
	rootObject = 8BF8D327224AB82500027895 /* Project object */;
}
